// !$*UTF8*$!
{
	archiveVersion = 1;
	classes = {
	};
	objectVersion = 46;
	objects = {

/* Begin PBXBuildFile section */
		847BFDDF1F6A1C8400735BB8 /* MethodTraceConfig.plist in Resources */ = {isa = PBXBuildFile; fileRef = 847BFDDE1F6A1C8400735BB8 /* MethodTraceConfig.plist */; };
		847BFDE21F6A1C8400735BB8 /* put ipa or app here in Resources */ = {isa = PBXBuildFile; fileRef = 847BFDE11F6A1C8400735BB8 /* put ipa or app here */; };
		847BFDEC1F6A1C8400735BB8 /* Cycript.framework in Frameworks */ = {isa = PBXBuildFile; fileRef = 847BFDEB1F6A1C8400735BB8 /* Cycript.framework */; };
		847BFDEE1F6A1C8400735BB8 /* JavaScriptCore.framework in Frameworks */ = {isa = PBXBuildFile; fileRef = 847BFDED1F6A1C8400735BB8 /* JavaScriptCore.framework */; };
		847BFDF01F6A1C8400735BB8 /* RevealServer.framework in Frameworks */ = {isa = PBXBuildFile; fileRef = 847BFDEF1F6A1C8400735BB8 /* RevealServer.framework */; };
		847BFDF21F6A1C8400735BB8 /* Foundation.framework in Frameworks */ = {isa = PBXBuildFile; fileRef = 847BFDF11F6A1C8400735BB8 /* Foundation.framework */; };
		847BFDF41F6A1C8400735BB8 /* UIKit.framework in Frameworks */ = {isa = PBXBuildFile; fileRef = 847BFDF31F6A1C8400735BB8 /* UIKit.framework */; };
		847BFDF81F6A1C8400735BB8 /* ANYMethodLog.h in Headers */ = {isa = PBXBuildFile; fileRef = 847BFDF71F6A1C8400735BB8 /* ANYMethodLog.h */; };
		847BFDFA1F6A1C8400735BB8 /* ANYMethodLog.m in Sources */ = {isa = PBXBuildFile; fileRef = 847BFDF91F6A1C8400735BB8 /* ANYMethodLog.m */; };
		847BFDFC1F6A1C8400735BB8 /* MethodTrace.h in Headers */ = {isa = PBXBuildFile; fileRef = 847BFDFB1F6A1C8400735BB8 /* MethodTrace.h */; };
		847BFDFE1F6A1C8400735BB8 /* MethodTrace.m in Sources */ = {isa = PBXBuildFile; fileRef = 847BFDFD1F6A1C8400735BB8 /* MethodTrace.m */; };
		847BFE031F6A1C8400735BB8 /* CaptainHook.h in Headers */ = {isa = PBXBuildFile; fileRef = 847BFE021F6A1C8400735BB8 /* CaptainHook.h */; };
		847BFE061F6A1C8400735BB8 /* AntiAntiDebug.m in Sources */ = {isa = PBXBuildFile; fileRef = 847BFE051F6A1C8400735BB8 /* AntiAntiDebug.m */; };
		847BFE091F6A1C8400735BB8 /* fishhook.c in Sources */ = {isa = PBXBuildFile; fileRef = 847BFE081F6A1C8400735BB8 /* fishhook.c */; };
		847BFE0B1F6A1C8400735BB8 /* fishhook.h in Headers */ = {isa = PBXBuildFile; fileRef = 847BFE0A1F6A1C8400735BB8 /* fishhook.h */; };
		847BFE0E1F6A1C8400735BB8 /* wxDylib.mm in Sources */ = {isa = PBXBuildFile; fileRef = 847BFE0D1F6A1C8400735BB8 /* wxDylib.mm */; };
		847BFE101F6A1C8400735BB8 /* wxDylib.h in Headers */ = {isa = PBXBuildFile; fileRef = 847BFE0F1F6A1C8400735BB8 /* wxDylib.h */; };
		847BFE121F6A1C8400735BB8 /* wxDylib.m in Sources */ = {isa = PBXBuildFile; fileRef = 847BFE111F6A1C8400735BB8 /* wxDylib.m */; };
		847BFE1B1F6A1C8E00735BB8 /* libwxDylib.dylib in Frameworks */ = {isa = PBXBuildFile; fileRef = 847BFDE91F6A1C8400735BB8 /* libwxDylib.dylib */; };
		84ECE57D1F6A420D00AE9156 /* FishConfigurationCenter.h in Headers */ = {isa = PBXBuildFile; fileRef = 84ECE5491F6A420C00AE9156 /* FishConfigurationCenter.h */; };
		84ECE57E1F6A420D00AE9156 /* FishConfigurationCenter.m in Sources */ = {isa = PBXBuildFile; fileRef = 84ECE54A1F6A420C00AE9156 /* FishConfigurationCenter.m */; };
		84ECE57F1F6A420D00AE9156 /* MapView.h in Headers */ = {isa = PBXBuildFile; fileRef = 84ECE54B1F6A420D00AE9156 /* MapView.h */; };
		84ECE5801F6A420D00AE9156 /* MapView.m in Sources */ = {isa = PBXBuildFile; fileRef = 84ECE54C1F6A420D00AE9156 /* MapView.m */; };
		84ECE5811F6A420D00AE9156 /* XMLReader.h in Headers */ = {isa = PBXBuildFile; fileRef = 84ECE54D1F6A420D00AE9156 /* XMLReader.h */; };
		84ECE5821F6A420D00AE9156 /* XMLReader.m in Sources */ = {isa = PBXBuildFile; fileRef = 84ECE54E1F6A420D00AE9156 /* XMLReader.m */; };
		84ECE5831F6A420D00AE9156 /* WeChatMsgInterval.h in Headers */ = {isa = PBXBuildFile; fileRef = 84ECE5511F6A420D00AE9156 /* WeChatMsgInterval.h */; };
		84ECE5841F6A420D00AE9156 /* WeChatMsgInterval.m in Sources */ = {isa = PBXBuildFile; fileRef = 84ECE5521F6A420D00AE9156 /* WeChatMsgInterval.m */; };
		84ECE5851F6A420D00AE9156 /* WeChatMsgIntervalHeader.h in Headers */ = {isa = PBXBuildFile; fileRef = 84ECE5531F6A420D00AE9156 /* WeChatMsgIntervalHeader.h */; };
		84ECE5861F6A420D00AE9156 /* WCImageEmotion.h in Headers */ = {isa = PBXBuildFile; fileRef = 84ECE5561F6A420D00AE9156 /* WCImageEmotion.h */; };
		84ECE5871F6A420D00AE9156 /* WCImageEmotion.m in Sources */ = {isa = PBXBuildFile; fileRef = 84ECE5571F6A420D00AE9156 /* WCImageEmotion.m */; };
		84ECE5881F6A420D00AE9156 /* WeChatWebEmoticon.h in Headers */ = {isa = PBXBuildFile; fileRef = 84ECE5581F6A420D00AE9156 /* WeChatWebEmoticon.h */; };
		84ECE5891F6A420D00AE9156 /* WeChatWebEmoticon.m in Sources */ = {isa = PBXBuildFile; fileRef = 84ECE5591F6A420D00AE9156 /* WeChatWebEmoticon.m */; };
		84ECE58A1F6A420D00AE9156 /* WeChatWebEmoticonHeader.h in Headers */ = {isa = PBXBuildFile; fileRef = 84ECE55A1F6A420D00AE9156 /* WeChatWebEmoticonHeader.h */; };
		84ECE58B1F6A420D00AE9156 /* TKChatRoomSensitiveViewController.h in Headers */ = {isa = PBXBuildFile; fileRef = 84ECE55C1F6A420D00AE9156 /* TKChatRoomSensitiveViewController.h */; };
		84ECE58C1F6A420D00AE9156 /* TKChatRoomSensitiveViewController.m in Sources */ = {isa = PBXBuildFile; fileRef = 84ECE55D1F6A420D00AE9156 /* TKChatRoomSensitiveViewController.m */; };
		84ECE58D1F6A420D00AE9156 /* TKEditViewController.h in Headers */ = {isa = PBXBuildFile; fileRef = 84ECE55E1F6A420D00AE9156 /* TKEditViewController.h */; };
		84ECE58E1F6A420D00AE9156 /* TKEditViewController.m in Sources */ = {isa = PBXBuildFile; fileRef = 84ECE55F1F6A420D00AE9156 /* TKEditViewController.m */; };
		84ECE58F1F6A420D00AE9156 /* TKMultiSelectContactsViewController.h in Headers */ = {isa = PBXBuildFile; fileRef = 84ECE5601F6A420D00AE9156 /* TKMultiSelectContactsViewController.h */; };
		84ECE5901F6A420D00AE9156 /* TKMultiSelectContactsViewController.m in Sources */ = {isa = PBXBuildFile; fileRef = 84ECE5611F6A420D00AE9156 /* TKMultiSelectContactsViewController.m */; };
		84ECE5911F6A420D00AE9156 /* TKRobotConfig.h in Headers */ = {isa = PBXBuildFile; fileRef = 84ECE5621F6A420D00AE9156 /* TKRobotConfig.h */; };
		84ECE5921F6A420D00AE9156 /* TKRobotConfig.m in Sources */ = {isa = PBXBuildFile; fileRef = 84ECE5631F6A420D00AE9156 /* TKRobotConfig.m */; };
		84ECE5931F6A420D00AE9156 /* TKSettingViewController.h in Headers */ = {isa = PBXBuildFile; fileRef = 84ECE5641F6A420D00AE9156 /* TKSettingViewController.h */; };
		84ECE5941F6A420D00AE9156 /* TKSettingViewController.m in Sources */ = {isa = PBXBuildFile; fileRef = 84ECE5651F6A420D00AE9156 /* TKSettingViewController.m */; };
		84ECE5951F6A420D00AE9156 /* TKToast.h in Headers */ = {isa = PBXBuildFile; fileRef = 84ECE5661F6A420D00AE9156 /* TKToast.h */; };
		84ECE5961F6A420D00AE9156 /* TKToast.m in Sources */ = {isa = PBXBuildFile; fileRef = 84ECE5671F6A420D00AE9156 /* TKToast.m */; };
		84ECE5971F6A420D00AE9156 /* WeChatRobot.h in Headers */ = {isa = PBXBuildFile; fileRef = 84ECE5691F6A420D00AE9156 /* WeChatRobot.h */; };
		84ECE5981F6A420D00AE9156 /* WBBaseViewController.h in Headers */ = {isa = PBXBuildFile; fileRef = 84ECE56B1F6A420D00AE9156 /* WBBaseViewController.h */; };
		84ECE5991F6A420D00AE9156 /* WBBaseViewController.m in Sources */ = {isa = PBXBuildFile; fileRef = 84ECE56C1F6A420D00AE9156 /* WBBaseViewController.m */; };
		84ECE59A1F6A420D00AE9156 /* WBMultiSelectGroupsViewController.h in Headers */ = {isa = PBXBuildFile; fileRef = 84ECE56D1F6A420D00AE9156 /* WBMultiSelectGroupsViewController.h */; };
		84ECE59B1F6A420D00AE9156 /* WBMultiSelectGroupsViewController.m in Sources */ = {isa = PBXBuildFile; fileRef = 84ECE56E1F6A420D00AE9156 /* WBMultiSelectGroupsViewController.m */; };
		84ECE59C1F6A420D00AE9156 /* WBReceiveRedEnvelopOperation.h in Headers */ = {isa = PBXBuildFile; fileRef = 84ECE56F1F6A420D00AE9156 /* WBReceiveRedEnvelopOperation.h */; };
		84ECE59D1F6A420D00AE9156 /* WBReceiveRedEnvelopOperation.m in Sources */ = {isa = PBXBuildFile; fileRef = 84ECE5701F6A420D00AE9156 /* WBReceiveRedEnvelopOperation.m */; };
		84ECE59E1F6A420D00AE9156 /* WBRedEnvelopConfig.h in Headers */ = {isa = PBXBuildFile; fileRef = 84ECE5711F6A420D00AE9156 /* WBRedEnvelopConfig.h */; };
		84ECE59F1F6A420D00AE9156 /* WBRedEnvelopConfig.m in Sources */ = {isa = PBXBuildFile; fileRef = 84ECE5721F6A420D00AE9156 /* WBRedEnvelopConfig.m */; };
		84ECE5A01F6A420D00AE9156 /* WBRedEnvelopParamQueue.h in Headers */ = {isa = PBXBuildFile; fileRef = 84ECE5731F6A420D00AE9156 /* WBRedEnvelopParamQueue.h */; };
		84ECE5A11F6A420D00AE9156 /* WBRedEnvelopParamQueue.m in Sources */ = {isa = PBXBuildFile; fileRef = 84ECE5741F6A420D00AE9156 /* WBRedEnvelopParamQueue.m */; };
		84ECE5A21F6A420D00AE9156 /* WBRedEnvelopTaskManager.h in Headers */ = {isa = PBXBuildFile; fileRef = 84ECE5751F6A420D00AE9156 /* WBRedEnvelopTaskManager.h */; };
		84ECE5A31F6A420D00AE9156 /* WBRedEnvelopTaskManager.m in Sources */ = {isa = PBXBuildFile; fileRef = 84ECE5761F6A420D00AE9156 /* WBRedEnvelopTaskManager.m */; };
		84ECE5A41F6A420D00AE9156 /* WBSettingViewController.h in Headers */ = {isa = PBXBuildFile; fileRef = 84ECE5771F6A420D00AE9156 /* WBSettingViewController.h */; };
		84ECE5A51F6A420D00AE9156 /* WBSettingViewController.m in Sources */ = {isa = PBXBuildFile; fileRef = 84ECE5781F6A420D00AE9156 /* WBSettingViewController.m */; };
		84ECE5A61F6A420D00AE9156 /* WeChatRedEnvelop.h in Headers */ = {isa = PBXBuildFile; fileRef = 84ECE57A1F6A420D00AE9156 /* WeChatRedEnvelop.h */; };
		84ECE5A71F6A420D00AE9156 /* WeChatRedEnvelopParam.h in Headers */ = {isa = PBXBuildFile; fileRef = 84ECE57B1F6A420D00AE9156 /* WeChatRedEnvelopParam.h */; };
		84ECE5A81F6A420D00AE9156 /* WeChatRedEnvelopParam.m in Sources */ = {isa = PBXBuildFile; fileRef = 84ECE57C1F6A420D00AE9156 /* WeChatRedEnvelopParam.m */; };
		86461216273E53702ACB9A54 /* Pods_wx.framework in Frameworks */ = {isa = PBXBuildFile; fileRef = E8C5BE490EF53325FFD02EEF /* Pods_wx.framework */; };
		FB3B88AEE0CC3171BBE41585 /* Pods_wxDylib.framework in Frameworks */ = {isa = PBXBuildFile; fileRef = 9BE64C3975549B1A9CFEFCA1 /* Pods_wxDylib.framework */; };
/* End PBXBuildFile section */

/* Begin PBXContainerItemProxy section */
		84ECE5471F6A3C5300AE9156 /* PBXContainerItemProxy */ = {
			isa = PBXContainerItemProxy;
			containerPortal = 847BFDD01F6A1C8400735BB8 /* Project object */;
			proxyType = 1;
			remoteGlobalIDString = 847BFDE81F6A1C8400735BB8;
			remoteInfo = wxDylib;
		};
/* End PBXContainerItemProxy section */

/* Begin PBXCopyFilesBuildPhase section */
		847BFDD81F6A1C8400735BB8 /* CopyFiles */ = {
			isa = PBXCopyFilesBuildPhase;
			buildActionMask = 2147483647;
			dstPath = "";
			dstSubfolderSpec = 10;
			files = (
			);
			runOnlyForDeploymentPostprocessing = 0;
		};
/* End PBXCopyFilesBuildPhase section */

/* Begin PBXFileReference section */
		6EE9191A48AD1EA5601CAB67 /* Pods-wxDylib.release.xcconfig */ = {isa = PBXFileReference; includeInIndex = 1; lastKnownFileType = text.xcconfig; name = "Pods-wxDylib.release.xcconfig"; path = "Pods/Target Support Files/Pods-wxDylib/Pods-wxDylib.release.xcconfig"; sourceTree = "<group>"; };
		847BFDDB1F6A1C8400735BB8 /* wx.app */ = {isa = PBXFileReference; explicitFileType = wrapper.application; includeInIndex = 0; path = wx.app; sourceTree = BUILT_PRODUCTS_DIR; };
		847BFDDE1F6A1C8400735BB8 /* MethodTraceConfig.plist */ = {isa = PBXFileReference; lastKnownFileType = text.plist.xml; path = MethodTraceConfig.plist; sourceTree = "<group>"; };
		847BFDE11F6A1C8400735BB8 /* put ipa or app here */ = {isa = PBXFileReference; lastKnownFileType = text; name = "put ipa or app here"; path = "TargetApp/put ipa or app here"; sourceTree = "<group>"; };
		847BFDE31F6A1C8400735BB8 /* Info.plist */ = {isa = PBXFileReference; lastKnownFileType = text.plist.xml; path = Info.plist; sourceTree = "<group>"; };
		847BFDE91F6A1C8400735BB8 /* libwxDylib.dylib */ = {isa = PBXFileReference; explicitFileType = "compiled.mach-o.dylib"; includeInIndex = 0; path = libwxDylib.dylib; sourceTree = BUILT_PRODUCTS_DIR; };
		847BFDEB1F6A1C8400735BB8 /* Cycript.framework */ = {isa = PBXFileReference; lastKnownFileType = wrapper.framework; name = Cycript.framework; path = Library/Frameworks/Cycript.framework; sourceTree = DEVELOPER_DIR; };
		847BFDED1F6A1C8400735BB8 /* JavaScriptCore.framework */ = {isa = PBXFileReference; lastKnownFileType = wrapper.framework; name = JavaScriptCore.framework; path = System/Library/Frameworks/JavaScriptCore.framework; sourceTree = SDKROOT; };
		847BFDEF1F6A1C8400735BB8 /* RevealServer.framework */ = {isa = PBXFileReference; lastKnownFileType = wrapper.framework; name = RevealServer.framework; path = Library/Frameworks/RevealServer.framework; sourceTree = DEVELOPER_DIR; };
		847BFDF11F6A1C8400735BB8 /* Foundation.framework */ = {isa = PBXFileReference; lastKnownFileType = wrapper.framework; name = Foundation.framework; path = System/Library/Frameworks/Foundation.framework; sourceTree = SDKROOT; };
		847BFDF31F6A1C8400735BB8 /* UIKit.framework */ = {isa = PBXFileReference; lastKnownFileType = wrapper.framework; name = UIKit.framework; path = System/Library/Frameworks/UIKit.framework; sourceTree = SDKROOT; };
		847BFDF71F6A1C8400735BB8 /* ANYMethodLog.h */ = {isa = PBXFileReference; lastKnownFileType = sourcecode.c.h; name = ANYMethodLog.h; path = MethodTrace/ANYMethodLog.h; sourceTree = "<group>"; };
		847BFDF91F6A1C8400735BB8 /* ANYMethodLog.m */ = {isa = PBXFileReference; lastKnownFileType = sourcecode.c.objc; name = ANYMethodLog.m; path = MethodTrace/ANYMethodLog.m; sourceTree = "<group>"; };
		847BFDFB1F6A1C8400735BB8 /* MethodTrace.h */ = {isa = PBXFileReference; lastKnownFileType = sourcecode.c.h; name = MethodTrace.h; path = MethodTrace/MethodTrace.h; sourceTree = "<group>"; };
		847BFDFD1F6A1C8400735BB8 /* MethodTrace.m */ = {isa = PBXFileReference; lastKnownFileType = sourcecode.c.objc; name = MethodTrace.m; path = MethodTrace/MethodTrace.m; sourceTree = "<group>"; };
		847BFE001F6A1C8400735BB8 /* wxDylib-Prefix.pch */ = {isa = PBXFileReference; lastKnownFileType = sourcecode.c.h; path = "wxDylib-Prefix.pch"; sourceTree = "<group>"; };
		847BFE021F6A1C8400735BB8 /* CaptainHook.h */ = {isa = PBXFileReference; lastKnownFileType = sourcecode.c.h; name = CaptainHook.h; path = CaptainHook/CaptainHook.h; sourceTree = "<group>"; };
		847BFE051F6A1C8400735BB8 /* AntiAntiDebug.m */ = {isa = PBXFileReference; lastKnownFileType = sourcecode.c.objc; name = AntiAntiDebug.m; path = AntiAntiDebug/AntiAntiDebug.m; sourceTree = "<group>"; };
		847BFE081F6A1C8400735BB8 /* fishhook.c */ = {isa = PBXFileReference; lastKnownFileType = sourcecode.c.c; name = fishhook.c; path = fishhook/fishhook.c; sourceTree = "<group>"; };
		847BFE0A1F6A1C8400735BB8 /* fishhook.h */ = {isa = PBXFileReference; lastKnownFileType = sourcecode.c.h; name = fishhook.h; path = fishhook/fishhook.h; sourceTree = "<group>"; };
		847BFE0C1F6A1C8400735BB8 /* wxDylib.xm */ = {isa = PBXFileReference; explicitFileType = sourcecode.cpp.objcpp; path = wxDylib.xm; sourceTree = "<group>"; xcLanguageSpecificationIdentifier = xcode.lang.objcpp; };
		847BFE0D1F6A1C8400735BB8 /* wxDylib.mm */ = {isa = PBXFileReference; lastKnownFileType = sourcecode.cpp.objcpp; path = wxDylib.mm; sourceTree = "<group>"; };
		847BFE0F1F6A1C8400735BB8 /* wxDylib.h */ = {isa = PBXFileReference; lastKnownFileType = sourcecode.c.h; path = wxDylib.h; sourceTree = "<group>"; };
		847BFE111F6A1C8400735BB8 /* wxDylib.m */ = {isa = PBXFileReference; lastKnownFileType = sourcecode.c.objc; path = wxDylib.m; sourceTree = "<group>"; };
		84ECE5491F6A420C00AE9156 /* FishConfigurationCenter.h */ = {isa = PBXFileReference; fileEncoding = 4; lastKnownFileType = sourcecode.c.h; path = FishConfigurationCenter.h; sourceTree = "<group>"; };
		84ECE54A1F6A420C00AE9156 /* FishConfigurationCenter.m */ = {isa = PBXFileReference; fileEncoding = 4; lastKnownFileType = sourcecode.c.objc; path = FishConfigurationCenter.m; sourceTree = "<group>"; };
		84ECE54B1F6A420D00AE9156 /* MapView.h */ = {isa = PBXFileReference; fileEncoding = 4; lastKnownFileType = sourcecode.c.h; path = MapView.h; sourceTree = "<group>"; };
		84ECE54C1F6A420D00AE9156 /* MapView.m */ = {isa = PBXFileReference; fileEncoding = 4; lastKnownFileType = sourcecode.c.objc; path = MapView.m; sourceTree = "<group>"; };
		84ECE54D1F6A420D00AE9156 /* XMLReader.h */ = {isa = PBXFileReference; fileEncoding = 4; lastKnownFileType = sourcecode.c.h; path = XMLReader.h; sourceTree = "<group>"; };
		84ECE54E1F6A420D00AE9156 /* XMLReader.m */ = {isa = PBXFileReference; fileEncoding = 4; lastKnownFileType = sourcecode.c.objc; path = XMLReader.m; sourceTree = "<group>"; };
		84ECE5511F6A420D00AE9156 /* WeChatMsgInterval.h */ = {isa = PBXFileReference; fileEncoding = 4; lastKnownFileType = sourcecode.c.h; path = WeChatMsgInterval.h; sourceTree = "<group>"; };
		84ECE5521F6A420D00AE9156 /* WeChatMsgInterval.m */ = {isa = PBXFileReference; fileEncoding = 4; lastKnownFileType = sourcecode.c.objc; path = WeChatMsgInterval.m; sourceTree = "<group>"; };
		84ECE5531F6A420D00AE9156 /* WeChatMsgIntervalHeader.h */ = {isa = PBXFileReference; fileEncoding = 4; lastKnownFileType = sourcecode.c.h; path = WeChatMsgIntervalHeader.h; sourceTree = "<group>"; };
		84ECE5561F6A420D00AE9156 /* WCImageEmotion.h */ = {isa = PBXFileReference; fileEncoding = 4; lastKnownFileType = sourcecode.c.h; path = WCImageEmotion.h; sourceTree = "<group>"; };
		84ECE5571F6A420D00AE9156 /* WCImageEmotion.m */ = {isa = PBXFileReference; fileEncoding = 4; lastKnownFileType = sourcecode.c.objc; path = WCImageEmotion.m; sourceTree = "<group>"; };
		84ECE5581F6A420D00AE9156 /* WeChatWebEmoticon.h */ = {isa = PBXFileReference; fileEncoding = 4; lastKnownFileType = sourcecode.c.h; path = WeChatWebEmoticon.h; sourceTree = "<group>"; };
		84ECE5591F6A420D00AE9156 /* WeChatWebEmoticon.m */ = {isa = PBXFileReference; fileEncoding = 4; lastKnownFileType = sourcecode.c.objc; path = WeChatWebEmoticon.m; sourceTree = "<group>"; };
		84ECE55A1F6A420D00AE9156 /* WeChatWebEmoticonHeader.h */ = {isa = PBXFileReference; fileEncoding = 4; lastKnownFileType = sourcecode.c.h; path = WeChatWebEmoticonHeader.h; sourceTree = "<group>"; };
		84ECE55C1F6A420D00AE9156 /* TKChatRoomSensitiveViewController.h */ = {isa = PBXFileReference; fileEncoding = 4; lastKnownFileType = sourcecode.c.h; path = TKChatRoomSensitiveViewController.h; sourceTree = "<group>"; };
		84ECE55D1F6A420D00AE9156 /* TKChatRoomSensitiveViewController.m */ = {isa = PBXFileReference; fileEncoding = 4; lastKnownFileType = sourcecode.c.objc; path = TKChatRoomSensitiveViewController.m; sourceTree = "<group>"; };
		84ECE55E1F6A420D00AE9156 /* TKEditViewController.h */ = {isa = PBXFileReference; fileEncoding = 4; lastKnownFileType = sourcecode.c.h; path = TKEditViewController.h; sourceTree = "<group>"; };
		84ECE55F1F6A420D00AE9156 /* TKEditViewController.m */ = {isa = PBXFileReference; fileEncoding = 4; lastKnownFileType = sourcecode.c.objc; path = TKEditViewController.m; sourceTree = "<group>"; };
		84ECE5601F6A420D00AE9156 /* TKMultiSelectContactsViewController.h */ = {isa = PBXFileReference; fileEncoding = 4; lastKnownFileType = sourcecode.c.h; path = TKMultiSelectContactsViewController.h; sourceTree = "<group>"; };
		84ECE5611F6A420D00AE9156 /* TKMultiSelectContactsViewController.m */ = {isa = PBXFileReference; fileEncoding = 4; lastKnownFileType = sourcecode.c.objc; path = TKMultiSelectContactsViewController.m; sourceTree = "<group>"; };
		84ECE5621F6A420D00AE9156 /* TKRobotConfig.h */ = {isa = PBXFileReference; fileEncoding = 4; lastKnownFileType = sourcecode.c.h; path = TKRobotConfig.h; sourceTree = "<group>"; };
		84ECE5631F6A420D00AE9156 /* TKRobotConfig.m */ = {isa = PBXFileReference; fileEncoding = 4; lastKnownFileType = sourcecode.c.objc; path = TKRobotConfig.m; sourceTree = "<group>"; };
		84ECE5641F6A420D00AE9156 /* TKSettingViewController.h */ = {isa = PBXFileReference; fileEncoding = 4; lastKnownFileType = sourcecode.c.h; path = TKSettingViewController.h; sourceTree = "<group>"; };
		84ECE5651F6A420D00AE9156 /* TKSettingViewController.m */ = {isa = PBXFileReference; fileEncoding = 4; lastKnownFileType = sourcecode.c.objc; path = TKSettingViewController.m; sourceTree = "<group>"; };
		84ECE5661F6A420D00AE9156 /* TKToast.h */ = {isa = PBXFileReference; fileEncoding = 4; lastKnownFileType = sourcecode.c.h; path = TKToast.h; sourceTree = "<group>"; };
		84ECE5671F6A420D00AE9156 /* TKToast.m */ = {isa = PBXFileReference; fileEncoding = 4; lastKnownFileType = sourcecode.c.objc; path = TKToast.m; sourceTree = "<group>"; };
		84ECE5691F6A420D00AE9156 /* WeChatRobot.h */ = {isa = PBXFileReference; fileEncoding = 4; lastKnownFileType = sourcecode.c.h; path = WeChatRobot.h; sourceTree = "<group>"; };
		84ECE56B1F6A420D00AE9156 /* WBBaseViewController.h */ = {isa = PBXFileReference; fileEncoding = 4; lastKnownFileType = sourcecode.c.h; path = WBBaseViewController.h; sourceTree = "<group>"; };
		84ECE56C1F6A420D00AE9156 /* WBBaseViewController.m */ = {isa = PBXFileReference; fileEncoding = 4; lastKnownFileType = sourcecode.c.objc; path = WBBaseViewController.m; sourceTree = "<group>"; };
		84ECE56D1F6A420D00AE9156 /* WBMultiSelectGroupsViewController.h */ = {isa = PBXFileReference; fileEncoding = 4; lastKnownFileType = sourcecode.c.h; path = WBMultiSelectGroupsViewController.h; sourceTree = "<group>"; };
		84ECE56E1F6A420D00AE9156 /* WBMultiSelectGroupsViewController.m */ = {isa = PBXFileReference; fileEncoding = 4; lastKnownFileType = sourcecode.c.objc; path = WBMultiSelectGroupsViewController.m; sourceTree = "<group>"; };
		84ECE56F1F6A420D00AE9156 /* WBReceiveRedEnvelopOperation.h */ = {isa = PBXFileReference; fileEncoding = 4; lastKnownFileType = sourcecode.c.h; path = WBReceiveRedEnvelopOperation.h; sourceTree = "<group>"; };
		84ECE5701F6A420D00AE9156 /* WBReceiveRedEnvelopOperation.m */ = {isa = PBXFileReference; fileEncoding = 4; lastKnownFileType = sourcecode.c.objc; path = WBReceiveRedEnvelopOperation.m; sourceTree = "<group>"; };
		84ECE5711F6A420D00AE9156 /* WBRedEnvelopConfig.h */ = {isa = PBXFileReference; fileEncoding = 4; lastKnownFileType = sourcecode.c.h; path = WBRedEnvelopConfig.h; sourceTree = "<group>"; };
		84ECE5721F6A420D00AE9156 /* WBRedEnvelopConfig.m */ = {isa = PBXFileReference; fileEncoding = 4; lastKnownFileType = sourcecode.c.objc; path = WBRedEnvelopConfig.m; sourceTree = "<group>"; };
		84ECE5731F6A420D00AE9156 /* WBRedEnvelopParamQueue.h */ = {isa = PBXFileReference; fileEncoding = 4; lastKnownFileType = sourcecode.c.h; path = WBRedEnvelopParamQueue.h; sourceTree = "<group>"; };
		84ECE5741F6A420D00AE9156 /* WBRedEnvelopParamQueue.m */ = {isa = PBXFileReference; fileEncoding = 4; lastKnownFileType = sourcecode.c.objc; path = WBRedEnvelopParamQueue.m; sourceTree = "<group>"; };
		84ECE5751F6A420D00AE9156 /* WBRedEnvelopTaskManager.h */ = {isa = PBXFileReference; fileEncoding = 4; lastKnownFileType = sourcecode.c.h; path = WBRedEnvelopTaskManager.h; sourceTree = "<group>"; };
		84ECE5761F6A420D00AE9156 /* WBRedEnvelopTaskManager.m */ = {isa = PBXFileReference; fileEncoding = 4; lastKnownFileType = sourcecode.c.objc; path = WBRedEnvelopTaskManager.m; sourceTree = "<group>"; };
		84ECE5771F6A420D00AE9156 /* WBSettingViewController.h */ = {isa = PBXFileReference; fileEncoding = 4; lastKnownFileType = sourcecode.c.h; path = WBSettingViewController.h; sourceTree = "<group>"; };
		84ECE5781F6A420D00AE9156 /* WBSettingViewController.m */ = {isa = PBXFileReference; fileEncoding = 4; lastKnownFileType = sourcecode.c.objc; path = WBSettingViewController.m; sourceTree = "<group>"; };
		84ECE57A1F6A420D00AE9156 /* WeChatRedEnvelop.h */ = {isa = PBXFileReference; fileEncoding = 4; lastKnownFileType = sourcecode.c.h; path = WeChatRedEnvelop.h; sourceTree = "<group>"; };
		84ECE57B1F6A420D00AE9156 /* WeChatRedEnvelopParam.h */ = {isa = PBXFileReference; fileEncoding = 4; lastKnownFileType = sourcecode.c.h; path = WeChatRedEnvelopParam.h; sourceTree = "<group>"; };
		84ECE57C1F6A420D00AE9156 /* WeChatRedEnvelopParam.m */ = {isa = PBXFileReference; fileEncoding = 4; lastKnownFileType = sourcecode.c.objc; path = WeChatRedEnvelopParam.m; sourceTree = "<group>"; };
		9BE64C3975549B1A9CFEFCA1 /* Pods_wxDylib.framework */ = {isa = PBXFileReference; explicitFileType = wrapper.framework; includeInIndex = 0; path = Pods_wxDylib.framework; sourceTree = BUILT_PRODUCTS_DIR; };
		9C1C71F887933964C1C9CD67 /* Pods-wxDylib.debug.xcconfig */ = {isa = PBXFileReference; includeInIndex = 1; lastKnownFileType = text.xcconfig; name = "Pods-wxDylib.debug.xcconfig"; path = "Pods/Target Support Files/Pods-wxDylib/Pods-wxDylib.debug.xcconfig"; sourceTree = "<group>"; };
		AB53656A83E335E5A8A5EB72 /* Pods-wx.debug.xcconfig */ = {isa = PBXFileReference; includeInIndex = 1; lastKnownFileType = text.xcconfig; name = "Pods-wx.debug.xcconfig"; path = "Pods/Target Support Files/Pods-wx/Pods-wx.debug.xcconfig"; sourceTree = "<group>"; };
		CE7F5A4A02ADAC103C82973B /* Pods-wx.release.xcconfig */ = {isa = PBXFileReference; includeInIndex = 1; lastKnownFileType = text.xcconfig; name = "Pods-wx.release.xcconfig"; path = "Pods/Target Support Files/Pods-wx/Pods-wx.release.xcconfig"; sourceTree = "<group>"; };
		E8C5BE490EF53325FFD02EEF /* Pods_wx.framework */ = {isa = PBXFileReference; explicitFileType = wrapper.framework; includeInIndex = 0; path = Pods_wx.framework; sourceTree = BUILT_PRODUCTS_DIR; };
/* End PBXFileReference section */

/* Begin PBXFrameworksBuildPhase section */
		847BFDD51F6A1C8400735BB8 /* Frameworks */ = {
			isa = PBXFrameworksBuildPhase;
			buildActionMask = 2147483647;
			files = (
				847BFE1B1F6A1C8E00735BB8 /* libwxDylib.dylib in Frameworks */,
				86461216273E53702ACB9A54 /* Pods_wx.framework in Frameworks */,
			);
			runOnlyForDeploymentPostprocessing = 0;
		};
		847BFDE61F6A1C8400735BB8 /* Frameworks */ = {
			isa = PBXFrameworksBuildPhase;
			buildActionMask = 2147483647;
			files = (
				847BFDEE1F6A1C8400735BB8 /* JavaScriptCore.framework in Frameworks */,
				847BFDF01F6A1C8400735BB8 /* RevealServer.framework in Frameworks */,
				847BFDEC1F6A1C8400735BB8 /* Cycript.framework in Frameworks */,
				847BFDF21F6A1C8400735BB8 /* Foundation.framework in Frameworks */,
				847BFDF41F6A1C8400735BB8 /* UIKit.framework in Frameworks */,
				FB3B88AEE0CC3171BBE41585 /* Pods_wxDylib.framework in Frameworks */,
			);
			runOnlyForDeploymentPostprocessing = 0;
		};
/* End PBXFrameworksBuildPhase section */

/* Begin PBXGroup section */
		847BFDCF1F6A1C8400735BB8 = {
			isa = PBXGroup;
			children = (
				847BFDDD1F6A1C8400735BB8 /* wx */,
				847BFDF51F6A1C8400735BB8 /* wxDylib */,
				847BFDEA1F6A1C8400735BB8 /* Frameworks */,
				847BFDDC1F6A1C8400735BB8 /* Products */,
				C557D832F9F891146164EE63 /* Pods */,
			);
			sourceTree = "<group>";
		};
		847BFDDC1F6A1C8400735BB8 /* Products */ = {
			isa = PBXGroup;
			children = (
				847BFDDB1F6A1C8400735BB8 /* wx.app */,
				847BFDE91F6A1C8400735BB8 /* libwxDylib.dylib */,
			);
			name = Products;
			sourceTree = "<group>";
		};
		847BFDDD1F6A1C8400735BB8 /* wx */ = {
			isa = PBXGroup;
			children = (
				847BFDDE1F6A1C8400735BB8 /* MethodTraceConfig.plist */,
				847BFDE31F6A1C8400735BB8 /* Info.plist */,
				847BFDE01F6A1C8400735BB8 /* TargetApp */,
			);
			path = wx;
			sourceTree = "<group>";
		};
		847BFDE01F6A1C8400735BB8 /* TargetApp */ = {
			isa = PBXGroup;
			children = (
				847BFDE11F6A1C8400735BB8 /* put ipa or app here */,
			);
			name = TargetApp;
			sourceTree = "<group>";
		};
		847BFDEA1F6A1C8400735BB8 /* Frameworks */ = {
			isa = PBXGroup;
			children = (
				847BFDEB1F6A1C8400735BB8 /* Cycript.framework */,
				847BFDED1F6A1C8400735BB8 /* JavaScriptCore.framework */,
				847BFDEF1F6A1C8400735BB8 /* RevealServer.framework */,
				847BFDF11F6A1C8400735BB8 /* Foundation.framework */,
				847BFDF31F6A1C8400735BB8 /* UIKit.framework */,
				E8C5BE490EF53325FFD02EEF /* Pods_wx.framework */,
				9BE64C3975549B1A9CFEFCA1 /* Pods_wxDylib.framework */,
			);
			name = Frameworks;
			sourceTree = "<group>";
		};
		847BFDF51F6A1C8400735BB8 /* wxDylib */ = {
			isa = PBXGroup;
			children = (
				847BFE0C1F6A1C8400735BB8 /* wxDylib.xm */,
				847BFE0D1F6A1C8400735BB8 /* wxDylib.mm */,
				847BFE0F1F6A1C8400735BB8 /* wxDylib.h */,
				847BFE111F6A1C8400735BB8 /* wxDylib.m */,
				84ECE5491F6A420C00AE9156 /* FishConfigurationCenter.h */,
				84ECE54A1F6A420C00AE9156 /* FishConfigurationCenter.m */,
				84ECE54B1F6A420D00AE9156 /* MapView.h */,
				84ECE54C1F6A420D00AE9156 /* MapView.m */,
				84ECE54D1F6A420D00AE9156 /* XMLReader.h */,
				84ECE54E1F6A420D00AE9156 /* XMLReader.m */,
				84ECE54F1F6A420D00AE9156 /* WeChatMsgInterval */,
				84ECE5541F6A420D00AE9156 /* WeChatWebEmoticon */,
				84ECE55B1F6A420D00AE9156 /* chat */,
				84ECE56A1F6A420D00AE9156 /* RedEnvelop */,
				847BFDF61F6A1C8400735BB8 /* MethodTrace */,
				847BFE011F6A1C8400735BB8 /* CaptainHook */,
				847BFE041F6A1C8400735BB8 /* AntiAntiDebug */,
				847BFE071F6A1C8400735BB8 /* fishhook */,
				847BFDFF1F6A1C8400735BB8 /* Supporting Files */,
			);
			path = wxDylib;
			sourceTree = "<group>";
		};
		847BFDF61F6A1C8400735BB8 /* MethodTrace */ = {
			isa = PBXGroup;
			children = (
				847BFDF71F6A1C8400735BB8 /* ANYMethodLog.h */,
				847BFDF91F6A1C8400735BB8 /* ANYMethodLog.m */,
				847BFDFB1F6A1C8400735BB8 /* MethodTrace.h */,
				847BFDFD1F6A1C8400735BB8 /* MethodTrace.m */,
			);
			name = MethodTrace;
			sourceTree = "<group>";
		};
		847BFDFF1F6A1C8400735BB8 /* Supporting Files */ = {
			isa = PBXGroup;
			children = (
				847BFE001F6A1C8400735BB8 /* wxDylib-Prefix.pch */,
			);
			name = "Supporting Files";
			sourceTree = "<group>";
		};
		847BFE011F6A1C8400735BB8 /* CaptainHook */ = {
			isa = PBXGroup;
			children = (
				847BFE021F6A1C8400735BB8 /* CaptainHook.h */,
			);
			name = CaptainHook;
			sourceTree = "<group>";
		};
		847BFE041F6A1C8400735BB8 /* AntiAntiDebug */ = {
			isa = PBXGroup;
			children = (
				847BFE051F6A1C8400735BB8 /* AntiAntiDebug.m */,
			);
			name = AntiAntiDebug;
			sourceTree = "<group>";
		};
		847BFE071F6A1C8400735BB8 /* fishhook */ = {
			isa = PBXGroup;
			children = (
				847BFE081F6A1C8400735BB8 /* fishhook.c */,
				847BFE0A1F6A1C8400735BB8 /* fishhook.h */,
			);
			name = fishhook;
			sourceTree = "<group>";
		};
		84ECE54F1F6A420D00AE9156 /* WeChatMsgInterval */ = {
			isa = PBXGroup;
			children = (
				84ECE5501F6A420D00AE9156 /* CaptainHook */,
				84ECE5511F6A420D00AE9156 /* WeChatMsgInterval.h */,
				84ECE5521F6A420D00AE9156 /* WeChatMsgInterval.m */,
				84ECE5531F6A420D00AE9156 /* WeChatMsgIntervalHeader.h */,
			);
			path = WeChatMsgInterval;
			sourceTree = "<group>";
		};
		84ECE5501F6A420D00AE9156 /* CaptainHook */ = {
			isa = PBXGroup;
			children = (
			);
			path = CaptainHook;
			sourceTree = "<group>";
		};
		84ECE5541F6A420D00AE9156 /* WeChatWebEmoticon */ = {
			isa = PBXGroup;
			children = (
				84ECE5551F6A420D00AE9156 /* CaptainHook */,
				84ECE5561F6A420D00AE9156 /* WCImageEmotion.h */,
				84ECE5571F6A420D00AE9156 /* WCImageEmotion.m */,
				84ECE5581F6A420D00AE9156 /* WeChatWebEmoticon.h */,
				84ECE5591F6A420D00AE9156 /* WeChatWebEmoticon.m */,
				84ECE55A1F6A420D00AE9156 /* WeChatWebEmoticonHeader.h */,
			);
			path = WeChatWebEmoticon;
			sourceTree = "<group>";
		};
		84ECE5551F6A420D00AE9156 /* CaptainHook */ = {
			isa = PBXGroup;
			children = (
			);
			path = CaptainHook;
			sourceTree = "<group>";
		};
		84ECE55B1F6A420D00AE9156 /* chat */ = {
			isa = PBXGroup;
			children = (
				84ECE55C1F6A420D00AE9156 /* TKChatRoomSensitiveViewController.h */,
				84ECE55D1F6A420D00AE9156 /* TKChatRoomSensitiveViewController.m */,
				84ECE55E1F6A420D00AE9156 /* TKEditViewController.h */,
				84ECE55F1F6A420D00AE9156 /* TKEditViewController.m */,
				84ECE5601F6A420D00AE9156 /* TKMultiSelectContactsViewController.h */,
				84ECE5611F6A420D00AE9156 /* TKMultiSelectContactsViewController.m */,
				84ECE5621F6A420D00AE9156 /* TKRobotConfig.h */,
				84ECE5631F6A420D00AE9156 /* TKRobotConfig.m */,
				84ECE5641F6A420D00AE9156 /* TKSettingViewController.h */,
				84ECE5651F6A420D00AE9156 /* TKSettingViewController.m */,
				84ECE5661F6A420D00AE9156 /* TKToast.h */,
				84ECE5671F6A420D00AE9156 /* TKToast.m */,
				84ECE5691F6A420D00AE9156 /* WeChatRobot.h */,
			);
			path = chat;
			sourceTree = "<group>";
		};
		84ECE56A1F6A420D00AE9156 /* RedEnvelop */ = {
			isa = PBXGroup;
			children = (
				84ECE56B1F6A420D00AE9156 /* WBBaseViewController.h */,
				84ECE56C1F6A420D00AE9156 /* WBBaseViewController.m */,
				84ECE56D1F6A420D00AE9156 /* WBMultiSelectGroupsViewController.h */,
				84ECE56E1F6A420D00AE9156 /* WBMultiSelectGroupsViewController.m */,
				84ECE56F1F6A420D00AE9156 /* WBReceiveRedEnvelopOperation.h */,
				84ECE5701F6A420D00AE9156 /* WBReceiveRedEnvelopOperation.m */,
				84ECE5711F6A420D00AE9156 /* WBRedEnvelopConfig.h */,
				84ECE5721F6A420D00AE9156 /* WBRedEnvelopConfig.m */,
				84ECE5731F6A420D00AE9156 /* WBRedEnvelopParamQueue.h */,
				84ECE5741F6A420D00AE9156 /* WBRedEnvelopParamQueue.m */,
				84ECE5751F6A420D00AE9156 /* WBRedEnvelopTaskManager.h */,
				84ECE5761F6A420D00AE9156 /* WBRedEnvelopTaskManager.m */,
				84ECE5771F6A420D00AE9156 /* WBSettingViewController.h */,
				84ECE5781F6A420D00AE9156 /* WBSettingViewController.m */,
				84ECE57A1F6A420D00AE9156 /* WeChatRedEnvelop.h */,
				84ECE57B1F6A420D00AE9156 /* WeChatRedEnvelopParam.h */,
				84ECE57C1F6A420D00AE9156 /* WeChatRedEnvelopParam.m */,
			);
			path = RedEnvelop;
			sourceTree = "<group>";
		};
		C557D832F9F891146164EE63 /* Pods */ = {
			isa = PBXGroup;
			children = (
				AB53656A83E335E5A8A5EB72 /* Pods-wx.debug.xcconfig */,
				CE7F5A4A02ADAC103C82973B /* Pods-wx.release.xcconfig */,
				9C1C71F887933964C1C9CD67 /* Pods-wxDylib.debug.xcconfig */,
				6EE9191A48AD1EA5601CAB67 /* Pods-wxDylib.release.xcconfig */,
			);
			name = Pods;
			sourceTree = "<group>";
		};
/* End PBXGroup section */

/* Begin PBXHeadersBuildPhase section */
		847BFDE71F6A1C8400735BB8 /* Headers */ = {
			isa = PBXHeadersBuildPhase;
			buildActionMask = 2147483647;
			files = (
				84ECE5A01F6A420D00AE9156 /* WBRedEnvelopParamQueue.h in Headers */,
				847BFDF81F6A1C8400735BB8 /* ANYMethodLog.h in Headers */,
				84ECE5A41F6A420D00AE9156 /* WBSettingViewController.h in Headers */,
				84ECE58D1F6A420D00AE9156 /* TKEditViewController.h in Headers */,
				84ECE5911F6A420D00AE9156 /* TKRobotConfig.h in Headers */,
				84ECE57F1F6A420D00AE9156 /* MapView.h in Headers */,
				84ECE58F1F6A420D00AE9156 /* TKMultiSelectContactsViewController.h in Headers */,
				84ECE59E1F6A420D00AE9156 /* WBRedEnvelopConfig.h in Headers */,
				84ECE58B1F6A420D00AE9156 /* TKChatRoomSensitiveViewController.h in Headers */,
				84ECE58A1F6A420D00AE9156 /* WeChatWebEmoticonHeader.h in Headers */,
				847BFE031F6A1C8400735BB8 /* CaptainHook.h in Headers */,
				847BFE101F6A1C8400735BB8 /* wxDylib.h in Headers */,
				84ECE5951F6A420D00AE9156 /* TKToast.h in Headers */,
				84ECE5851F6A420D00AE9156 /* WeChatMsgIntervalHeader.h in Headers */,
				84ECE5881F6A420D00AE9156 /* WeChatWebEmoticon.h in Headers */,
				84ECE5861F6A420D00AE9156 /* WCImageEmotion.h in Headers */,
				84ECE5A61F6A420D00AE9156 /* WeChatRedEnvelop.h in Headers */,
				84ECE5971F6A420D00AE9156 /* WeChatRobot.h in Headers */,
				84ECE59A1F6A420D00AE9156 /* WBMultiSelectGroupsViewController.h in Headers */,
				847BFDFC1F6A1C8400735BB8 /* MethodTrace.h in Headers */,
				84ECE5A71F6A420D00AE9156 /* WeChatRedEnvelopParam.h in Headers */,
				84ECE5831F6A420D00AE9156 /* WeChatMsgInterval.h in Headers */,
				84ECE5811F6A420D00AE9156 /* XMLReader.h in Headers */,
				84ECE5931F6A420D00AE9156 /* TKSettingViewController.h in Headers */,
				84ECE59C1F6A420D00AE9156 /* WBReceiveRedEnvelopOperation.h in Headers */,
				84ECE57D1F6A420D00AE9156 /* FishConfigurationCenter.h in Headers */,
				84ECE5981F6A420D00AE9156 /* WBBaseViewController.h in Headers */,
				84ECE5A21F6A420D00AE9156 /* WBRedEnvelopTaskManager.h in Headers */,
				847BFE0B1F6A1C8400735BB8 /* fishhook.h in Headers */,
			);
			runOnlyForDeploymentPostprocessing = 0;
		};
/* End PBXHeadersBuildPhase section */

/* Begin PBXNativeTarget section */
		847BFDDA1F6A1C8400735BB8 /* wx */ = {
			isa = PBXNativeTarget;
			buildConfigurationList = 847BFE151F6A1C8400735BB8 /* Build configuration list for PBXNativeTarget "wx" */;
			buildPhases = (
				44224B8E6643F0FB94120791 /* [CP] Check Pods Manifest.lock */,
				847BFDD41F6A1C8400735BB8 /* Sources */,
				847BFDD51F6A1C8400735BB8 /* Frameworks */,
				847BFDD61F6A1C8400735BB8 /* ShellScript */,
				847BFDD71F6A1C8400735BB8 /* Resources */,
				847BFDD81F6A1C8400735BB8 /* CopyFiles */,
				847BFDD91F6A1C8400735BB8 /* ShellScript */,
				789EEE7BCA46DBA1CA714BE8 /* [CP] Embed Pods Frameworks */,
				8BFE94A355C872FD41CED2E6 /* [CP] Copy Pods Resources */,
			);
			buildRules = (
			);
			dependencies = (
				84ECE5481F6A3C5300AE9156 /* PBXTargetDependency */,
			);
			name = wx;
			productName = wx;
			productReference = 847BFDDB1F6A1C8400735BB8 /* wx.app */;
			productType = "com.apple.product-type.application";
		};
		847BFDE81F6A1C8400735BB8 /* wxDylib */ = {
			isa = PBXNativeTarget;
			buildConfigurationList = 847BFE181F6A1C8400735BB8 /* Build configuration list for PBXNativeTarget "wxDylib" */;
			buildPhases = (
				EF97671053D1373AB17BA84F /* [CP] Check Pods Manifest.lock */,
				847BFDE41F6A1C8400735BB8 /* ShellScript */,
				847BFDE51F6A1C8400735BB8 /* Sources */,
				847BFDE61F6A1C8400735BB8 /* Frameworks */,
				847BFDE71F6A1C8400735BB8 /* Headers */,
				5283B4CE0718A5CD1379F4AC /* [CP] Copy Pods Resources */,
			);
			buildRules = (
			);
			dependencies = (
			);
			name = wxDylib;
			productName = wxDylib;
			productReference = 847BFDE91F6A1C8400735BB8 /* libwxDylib.dylib */;
			productType = "com.apple.product-type.library.dynamic";
		};
/* End PBXNativeTarget section */

/* Begin PBXProject section */
		847BFDD01F6A1C8400735BB8 /* Project object */ = {
			isa = PBXProject;
			attributes = {
				LastUpgradeCheck = 0830;
				ORGANIZATIONNAME = ahaschool;
				TargetAttributes = {
					847BFDDA1F6A1C8400735BB8 = {
						CreatedOnToolsVersion = 8.3.3;
						DevelopmentTeam = NK26XTE96R;
						ProvisioningStyle = Automatic;
					};
					847BFDE81F6A1C8400735BB8 = {
						CreatedOnToolsVersion = 8.3.3;
						DevelopmentTeam = NK26XTE96R;
						ProvisioningStyle = Automatic;
					};
				};
			};
			buildConfigurationList = 847BFDD31F6A1C8400735BB8 /* Build configuration list for PBXProject "wx" */;
			compatibilityVersion = "Xcode 3.2";
			developmentRegion = English;
			hasScannedForEncodings = 0;
			knownRegions = (
				en,
			);
			mainGroup = 847BFDCF1F6A1C8400735BB8;
			productRefGroup = 847BFDDC1F6A1C8400735BB8 /* Products */;
			projectDirPath = "";
			projectRoot = "";
			targets = (
				847BFDDA1F6A1C8400735BB8 /* wx */,
				847BFDE81F6A1C8400735BB8 /* wxDylib */,
			);
		};
/* End PBXProject section */

/* Begin PBXResourcesBuildPhase section */
		847BFDD71F6A1C8400735BB8 /* Resources */ = {
			isa = PBXResourcesBuildPhase;
			buildActionMask = 2147483647;
			files = (
				847BFDE21F6A1C8400735BB8 /* put ipa or app here in Resources */,
				847BFDDF1F6A1C8400735BB8 /* MethodTraceConfig.plist in Resources */,
			);
			runOnlyForDeploymentPostprocessing = 0;
		};
/* End PBXResourcesBuildPhase section */

/* Begin PBXShellScriptBuildPhase section */
		44224B8E6643F0FB94120791 /* [CP] Check Pods Manifest.lock */ = {
			isa = PBXShellScriptBuildPhase;
			buildActionMask = 2147483647;
			files = (
			);
			inputPaths = (
				"${PODS_PODFILE_DIR_PATH}/Podfile.lock",
				"${PODS_ROOT}/Manifest.lock",
			);
			name = "[CP] Check Pods Manifest.lock";
			outputPaths = (
				"$(DERIVED_FILE_DIR)/Pods-wx-checkManifestLockResult.txt",
			);
			runOnlyForDeploymentPostprocessing = 0;
			shellPath = /bin/sh;
			shellScript = "diff \"${PODS_PODFILE_DIR_PATH}/Podfile.lock\" \"${PODS_ROOT}/Manifest.lock\" > /dev/null\nif [ $? != 0 ] ; then\n    # print error to STDERR\n    echo \"error: The sandbox is not in sync with the Podfile.lock. Run 'pod install' or update your CocoaPods installation.\" >&2\n    exit 1\nfi\n# This output is used by Xcode 'outputs' to avoid re-running this script phase.\necho \"SUCCESS\" > \"${SCRIPT_OUTPUT_FILE_0}\"\n";
			showEnvVarsInLog = 0;
		};
		5283B4CE0718A5CD1379F4AC /* [CP] Copy Pods Resources */ = {
			isa = PBXShellScriptBuildPhase;
			buildActionMask = 2147483647;
			files = (
			);
			inputPaths = (
			);
			name = "[CP] Copy Pods Resources";
			outputPaths = (
			);
			runOnlyForDeploymentPostprocessing = 0;
			shellPath = /bin/sh;
			shellScript = "\"${SRCROOT}/Pods/Target Support Files/Pods-wxDylib/Pods-wxDylib-resources.sh\"\n";
			showEnvVarsInLog = 0;
		};
		789EEE7BCA46DBA1CA714BE8 /* [CP] Embed Pods Frameworks */ = {
			isa = PBXShellScriptBuildPhase;
			buildActionMask = 2147483647;
			files = (
			);
			inputPaths = (
			);
			name = "[CP] Embed Pods Frameworks";
			outputPaths = (
			);
			runOnlyForDeploymentPostprocessing = 0;
			shellPath = /bin/sh;
			shellScript = "\"${SRCROOT}/Pods/Target Support Files/Pods-wx/Pods-wx-frameworks.sh\"\n";
			showEnvVarsInLog = 0;
		};
		847BFDD61F6A1C8400735BB8 /* ShellScript */ = {
			isa = PBXShellScriptBuildPhase;
			buildActionMask = 2147483647;
			files = (
			);
			inputPaths = (
			);
			outputPaths = (
			);
			runOnlyForDeploymentPostprocessing = 0;
			shellPath = /bin/sh;
			shellScript = /opt/MonkeyDev/Tools/pack.sh;
		};
		847BFDD91F6A1C8400735BB8 /* ShellScript */ = {
			isa = PBXShellScriptBuildPhase;
			buildActionMask = 2147483647;
			files = (
			);
			inputPaths = (
			);
			outputPaths = (
			);
			runOnlyForDeploymentPostprocessing = 0;
			shellPath = /bin/sh;
			shellScript = "/opt/MonkeyDev/Tools/pack.sh codesign";
		};
		847BFDE41F6A1C8400735BB8 /* ShellScript */ = {
			isa = PBXShellScriptBuildPhase;
			buildActionMask = 2147483647;
			files = (
			);
			inputPaths = (
			);
			outputPaths = (
			);
			runOnlyForDeploymentPostprocessing = 0;
			shellPath = /bin/sh;
			shellScript = "/opt/MonkeyDev/bin/md --xcbp-logos";
		};
		8BFE94A355C872FD41CED2E6 /* [CP] Copy Pods Resources */ = {
			isa = PBXShellScriptBuildPhase;
			buildActionMask = 2147483647;
			files = (
			);
			inputPaths = (
			);
			name = "[CP] Copy Pods Resources";
			outputPaths = (
			);
			runOnlyForDeploymentPostprocessing = 0;
			shellPath = /bin/sh;
			shellScript = "\"${SRCROOT}/Pods/Target Support Files/Pods-wx/Pods-wx-resources.sh\"\n";
			showEnvVarsInLog = 0;
		};
		EF97671053D1373AB17BA84F /* [CP] Check Pods Manifest.lock */ = {
			isa = PBXShellScriptBuildPhase;
			buildActionMask = 2147483647;
			files = (
			);
			inputPaths = (
				"${PODS_PODFILE_DIR_PATH}/Podfile.lock",
				"${PODS_ROOT}/Manifest.lock",
			);
			name = "[CP] Check Pods Manifest.lock";
			outputPaths = (
				"$(DERIVED_FILE_DIR)/Pods-wxDylib-checkManifestLockResult.txt",
			);
			runOnlyForDeploymentPostprocessing = 0;
			shellPath = /bin/sh;
			shellScript = "diff \"${PODS_PODFILE_DIR_PATH}/Podfile.lock\" \"${PODS_ROOT}/Manifest.lock\" > /dev/null\nif [ $? != 0 ] ; then\n    # print error to STDERR\n    echo \"error: The sandbox is not in sync with the Podfile.lock. Run 'pod install' or update your CocoaPods installation.\" >&2\n    exit 1\nfi\n# This output is used by Xcode 'outputs' to avoid re-running this script phase.\necho \"SUCCESS\" > \"${SCRIPT_OUTPUT_FILE_0}\"\n";
			showEnvVarsInLog = 0;
		};
/* End PBXShellScriptBuildPhase section */

/* Begin PBXSourcesBuildPhase section */
		847BFDD41F6A1C8400735BB8 /* Sources */ = {
			isa = PBXSourcesBuildPhase;
			buildActionMask = 2147483647;
			files = (
			);
			runOnlyForDeploymentPostprocessing = 0;
		};
		847BFDE51F6A1C8400735BB8 /* Sources */ = {
			isa = PBXSourcesBuildPhase;
			buildActionMask = 2147483647;
			files = (
				84ECE5871F6A420D00AE9156 /* WCImageEmotion.m in Sources */,
				84ECE57E1F6A420D00AE9156 /* FishConfigurationCenter.m in Sources */,
				84ECE5891F6A420D00AE9156 /* WeChatWebEmoticon.m in Sources */,
				847BFE061F6A1C8400735BB8 /* AntiAntiDebug.m in Sources */,
				84ECE59D1F6A420D00AE9156 /* WBReceiveRedEnvelopOperation.m in Sources */,
				84ECE5961F6A420D00AE9156 /* TKToast.m in Sources */,
				84ECE59F1F6A420D00AE9156 /* WBRedEnvelopConfig.m in Sources */,
				847BFE121F6A1C8400735BB8 /* wxDylib.m in Sources */,
				84ECE5921F6A420D00AE9156 /* TKRobotConfig.m in Sources */,
				84ECE58C1F6A420D00AE9156 /* TKChatRoomSensitiveViewController.m in Sources */,
				847BFDFE1F6A1C8400735BB8 /* MethodTrace.m in Sources */,
				84ECE5841F6A420D00AE9156 /* WeChatMsgInterval.m in Sources */,
				847BFE091F6A1C8400735BB8 /* fishhook.c in Sources */,
				84ECE58E1F6A420D00AE9156 /* TKEditViewController.m in Sources */,
				84ECE5801F6A420D00AE9156 /* MapView.m in Sources */,
				84ECE5991F6A420D00AE9156 /* WBBaseViewController.m in Sources */,
				84ECE5A51F6A420D00AE9156 /* WBSettingViewController.m in Sources */,
				847BFDFA1F6A1C8400735BB8 /* ANYMethodLog.m in Sources */,
				84ECE5821F6A420D00AE9156 /* XMLReader.m in Sources */,
				84ECE5901F6A420D00AE9156 /* TKMultiSelectContactsViewController.m in Sources */,
				84ECE59B1F6A420D00AE9156 /* WBMultiSelectGroupsViewController.m in Sources */,
				84ECE5941F6A420D00AE9156 /* TKSettingViewController.m in Sources */,
				84ECE5A11F6A420D00AE9156 /* WBRedEnvelopParamQueue.m in Sources */,
				847BFE0E1F6A1C8400735BB8 /* wxDylib.mm in Sources */,
				84ECE5A31F6A420D00AE9156 /* WBRedEnvelopTaskManager.m in Sources */,
				84ECE5A81F6A420D00AE9156 /* WeChatRedEnvelopParam.m in Sources */,
			);
			runOnlyForDeploymentPostprocessing = 0;
		};
/* End PBXSourcesBuildPhase section */

/* Begin PBXTargetDependency section */
		84ECE5481F6A3C5300AE9156 /* PBXTargetDependency */ = {
			isa = PBXTargetDependency;
			target = 847BFDE81F6A1C8400735BB8 /* wxDylib */;
			targetProxy = 84ECE5471F6A3C5300AE9156 /* PBXContainerItemProxy */;
		};
/* End PBXTargetDependency section */

/* Begin XCBuildConfiguration section */
		847BFE131F6A1C8400735BB8 /* Debug */ = {
			isa = XCBuildConfiguration;
			buildSettings = {
				ALWAYS_SEARCH_USER_PATHS = NO;
				CLANG_ANALYZER_NONNULL = YES;
				CLANG_ANALYZER_NUMBER_OBJECT_CONVERSION = YES_AGGRESSIVE;
				CLANG_CXX_LANGUAGE_STANDARD = "gnu++0x";
				CLANG_CXX_LIBRARY = "libc++";
				CLANG_ENABLE_MODULES = YES;
				CLANG_ENABLE_OBJC_ARC = YES;
				CLANG_WARN_BOOL_CONVERSION = YES;
				CLANG_WARN_CONSTANT_CONVERSION = YES;
				CLANG_WARN_DIRECT_OBJC_ISA_USAGE = YES_ERROR;
				CLANG_WARN_DOCUMENTATION_COMMENTS = YES;
				CLANG_WARN_EMPTY_BODY = YES;
				CLANG_WARN_ENUM_CONVERSION = YES;
				CLANG_WARN_INFINITE_RECURSION = YES;
				CLANG_WARN_INT_CONVERSION = YES;
				CLANG_WARN_OBJC_ROOT_CLASS = YES_ERROR;
				CLANG_WARN_SUSPICIOUS_MOVE = YES;
				CLANG_WARN_UNREACHABLE_CODE = YES;
				CLANG_WARN__DUPLICATE_METHOD_MATCH = YES;
				"CODE_SIGN_IDENTITY[sdk=iphoneos*]" = "iPhone Developer";
				COPY_PHASE_STRIP = NO;
				DEBUG_INFORMATION_FORMAT = dwarf;
				ENABLE_STRICT_OBJC_MSGSEND = YES;
				ENABLE_TESTABILITY = YES;
				GCC_C_LANGUAGE_STANDARD = gnu99;
				GCC_DYNAMIC_NO_PIC = NO;
				GCC_NO_COMMON_BLOCKS = YES;
				GCC_OPTIMIZATION_LEVEL = 0;
				GCC_PREPROCESSOR_DEFINITIONS = (
					"DEBUG=1",
					"$(inherited)",
				);
				GCC_WARN_64_TO_32_BIT_CONVERSION = YES;
				GCC_WARN_ABOUT_RETURN_TYPE = YES_ERROR;
				GCC_WARN_UNDECLARED_SELECTOR = YES;
				GCC_WARN_UNINITIALIZED_AUTOS = YES_AGGRESSIVE;
				GCC_WARN_UNUSED_FUNCTION = YES;
				GCC_WARN_UNUSED_VARIABLE = YES;
				IPHONEOS_DEPLOYMENT_TARGET = 8.0;
				MTL_ENABLE_DEBUG_INFO = YES;
				ONLY_ACTIVE_ARCH = YES;
				SDKROOT = iphoneos;
			};
			name = Debug;
		};
		847BFE141F6A1C8400735BB8 /* Release */ = {
			isa = XCBuildConfiguration;
			buildSettings = {
				ALWAYS_SEARCH_USER_PATHS = NO;
				CLANG_ANALYZER_NONNULL = YES;
				CLANG_ANALYZER_NUMBER_OBJECT_CONVERSION = YES_AGGRESSIVE;
				CLANG_CXX_LANGUAGE_STANDARD = "gnu++0x";
				CLANG_CXX_LIBRARY = "libc++";
				CLANG_ENABLE_MODULES = YES;
				CLANG_ENABLE_OBJC_ARC = YES;
				CLANG_WARN_BOOL_CONVERSION = YES;
				CLANG_WARN_CONSTANT_CONVERSION = YES;
				CLANG_WARN_DIRECT_OBJC_ISA_USAGE = YES_ERROR;
				CLANG_WARN_DOCUMENTATION_COMMENTS = YES;
				CLANG_WARN_EMPTY_BODY = YES;
				CLANG_WARN_ENUM_CONVERSION = YES;
				CLANG_WARN_INFINITE_RECURSION = YES;
				CLANG_WARN_INT_CONVERSION = YES;
				CLANG_WARN_OBJC_ROOT_CLASS = YES_ERROR;
				CLANG_WARN_SUSPICIOUS_MOVE = YES;
				CLANG_WARN_UNREACHABLE_CODE = YES;
				CLANG_WARN__DUPLICATE_METHOD_MATCH = YES;
				"CODE_SIGN_IDENTITY[sdk=iphoneos*]" = "iPhone Developer";
				COPY_PHASE_STRIP = NO;
				DEBUG_INFORMATION_FORMAT = "dwarf-with-dsym";
				ENABLE_NS_ASSERTIONS = NO;
				ENABLE_STRICT_OBJC_MSGSEND = YES;
				GCC_C_LANGUAGE_STANDARD = gnu99;
				GCC_NO_COMMON_BLOCKS = YES;
				GCC_WARN_64_TO_32_BIT_CONVERSION = YES;
				GCC_WARN_ABOUT_RETURN_TYPE = YES_ERROR;
				GCC_WARN_UNDECLARED_SELECTOR = YES;
				GCC_WARN_UNINITIALIZED_AUTOS = YES_AGGRESSIVE;
				GCC_WARN_UNUSED_FUNCTION = YES;
				GCC_WARN_UNUSED_VARIABLE = YES;
				IPHONEOS_DEPLOYMENT_TARGET = 8.0;
				MTL_ENABLE_DEBUG_INFO = NO;
				SDKROOT = iphoneos;
				VALIDATE_PRODUCT = YES;
			};
			name = Release;
		};
		847BFE161F6A1C8400735BB8 /* Debug */ = {
			isa = XCBuildConfiguration;
			baseConfigurationReference = AB53656A83E335E5A8A5EB72 /* Pods-wx.debug.xcconfig */;
			buildSettings = {
				DEVELOPMENT_TEAM = NK26XTE96R;
				ENABLE_BITCODE = NO;
				INFOPLIST_FILE = wx/Info.plist;
				MONKEYDEV_CLASS_DUMP = NO;
				MONKEYDEV_RESTORE_SYMBOL = NO;
				ONLY_ACTIVE_ARCH = NO;
				PODS_ROOT = "${SRCROOT}/Pods";
				PRODUCT_BUNDLE_IDENTIFIER = com.qinlin.wx;
				PRODUCT_NAME = "$(TARGET_NAME)";
			};
			name = Debug;
		};
		847BFE171F6A1C8400735BB8 /* Release */ = {
			isa = XCBuildConfiguration;
			baseConfigurationReference = CE7F5A4A02ADAC103C82973B /* Pods-wx.release.xcconfig */;
			buildSettings = {
				DEVELOPMENT_TEAM = NK26XTE96R;
				ENABLE_BITCODE = NO;
				INFOPLIST_FILE = wx/Info.plist;
				MONKEYDEV_CLASS_DUMP = NO;
				MONKEYDEV_RESTORE_SYMBOL = NO;
				PODS_ROOT = "${SRCROOT}/Pods";
				PRODUCT_BUNDLE_IDENTIFIER = com.qinlin.wx;
				PRODUCT_NAME = "$(TARGET_NAME)";
			};
			name = Release;
		};
		847BFE191F6A1C8400735BB8 /* Debug */ = {
			isa = XCBuildConfiguration;
			baseConfigurationReference = 9C1C71F887933964C1C9CD67 /* Pods-wxDylib.debug.xcconfig */;
			buildSettings = {
				DEVELOPMENT_TEAM = NK26XTE96R;
				DYLIB_COMPATIBILITY_VERSION = 1;
				DYLIB_CURRENT_VERSION = 1;
				ENABLE_BITCODE = NO;
				EXCLUDED_RECURSIVE_SEARCH_PATH_SUBDIRECTORIES = "*.nib *.lproj *.gch (*) .DS_Store CVS .svn .git .hg *.xcodeproj *.xcode *.pbproj *.pbxproj";
				EXECUTABLE_PREFIX = lib;
				FRAMEWORK_SEARCH_PATHS = (
					"$(inherited)",
					"$(MonkeyDevPath)/Frameworks/**",
					"$(MonkeyDevPath)/Librarys/**",
					"$(MonkeyDevTheosPath)/vendor/lib",
				);
				GCC_PRECOMPILE_PREFIX_HEADER = YES;
				GCC_PREFIX_HEADER = "wxDylib/wxDylib-Prefix.pch";
				GCC_SYMBOLS_PRIVATE_EXTERN = NO;
				GCC_WARN_ABOUT_MISSING_PROTOTYPES = YES;
				GCC_WARN_ABOUT_RETURN_TYPE = YES;
				HEADER_SEARCH_PATHS = (
					"$(inherited)",
					"$(MonkeyDevPath)/include",
					"$(MonkeyDevTheosPath)/vendor/include/**",
				);
				INSTALL_PATH = "@executable_path/Frameworks/libwxDylib.dylib";
				LD_RUNPATH_SEARCH_PATHS = "$(inherited) @executable_path/Frameworks";
				LIBRARY_SEARCH_PATHS = (
					"$(inherited)",
					"$(MonkeyDevPath)/Frameworks",
					"$(MonkeyDevTheosPath)/vendor/lib/**",
				);
				MonkeyDevPath = /opt/MonkeyDev;
				MonkeyDevTheosPath = /opt/theos;
				ONLY_ACTIVE_ARCH = NO;
				OTHER_CFLAGS = (
					"$(inherited)",
					"-DTHEOS_INSTANCE_NAME=\"\\\"wxDylib\\\"\"",
				);
				OTHER_LDFLAGS = (
					"$(inherited)",
					"-weak_library",
					"/usr/lib/libc++.dylib",
					"-weak_library",
					"/usr/lib/libstdc++.dylib",
					"-lsubstrate",
				);
				PRODUCT_NAME = "$(TARGET_NAME)";
				TARGETED_DEVICE_FAMILY = "1,2";
				VALIDATE_PRODUCT = NO;
			};
			name = Debug;
		};
		847BFE1A1F6A1C8400735BB8 /* Release */ = {
			isa = XCBuildConfiguration;
			baseConfigurationReference = 6EE9191A48AD1EA5601CAB67 /* Pods-wxDylib.release.xcconfig */;
			buildSettings = {
				COPY_PHASE_STRIP = YES;
				DEVELOPMENT_TEAM = NK26XTE96R;
				DYLIB_COMPATIBILITY_VERSION = 1;
				DYLIB_CURRENT_VERSION = 1;
				ENABLE_BITCODE = NO;
				EXCLUDED_RECURSIVE_SEARCH_PATH_SUBDIRECTORIES = "*.nib *.lproj *.gch (*) .DS_Store CVS .svn .git .hg *.xcodeproj *.xcode *.pbproj *.pbxproj";
				EXECUTABLE_PREFIX = lib;
				FRAMEWORK_SEARCH_PATHS = (
					"$(inherited)",
					"$(MonkeyDevPath)/Frameworks/**",
					"$(MonkeyDevPath)/Librarys/**",
					"$(MonkeyDevTheosPath)/vendor/lib",
				);
				GCC_PRECOMPILE_PREFIX_HEADER = YES;
				GCC_PREFIX_HEADER = "wxDylib/wxDylib-Prefix.pch";
				GCC_WARN_ABOUT_MISSING_PROTOTYPES = YES;
				GCC_WARN_ABOUT_RETURN_TYPE = YES;
				HEADER_SEARCH_PATHS = (
					"$(inherited)",
					"$(MonkeyDevPath)/include",
					"$(MonkeyDevTheosPath)/vendor/include/**",
				);
				INSTALL_PATH = "@executable_path/Frameworks/libwxDylib.dylib";
				LD_RUNPATH_SEARCH_PATHS = "$(inherited) @executable_path/Frameworks";
				LIBRARY_SEARCH_PATHS = (
					"$(inherited)",
					"$(MonkeyDevPath)/Frameworks",
					"$(MonkeyDevTheosPath)/vendor/lib/**",
				);
				MonkeyDevPath = /opt/MonkeyDev;
				MonkeyDevTheosPath = /opt/theos;
				OTHER_CFLAGS = (
					"$(inherited)",
					"-DTHEOS_INSTANCE_NAME=\"\\\"wxDylib\\\"\"",
				);
				OTHER_LDFLAGS = (
					"$(inherited)",
					"-weak_library",
					"/usr/lib/libc++.dylib",
					"-weak_library",
					"/usr/lib/libstdc++.dylib",
					"-lsubstrate",
				);
				PRODUCT_NAME = "$(TARGET_NAME)";
				TARGETED_DEVICE_FAMILY = "1,2";
			};
			name = Release;
		};
/* End XCBuildConfiguration section */

/* Begin XCConfigurationList section */
		847BFDD31F6A1C8400735BB8 /* Build configuration list for PBXProject "wx" */ = {
			isa = XCConfigurationList;
			buildConfigurations = (
				847BFE131F6A1C8400735BB8 /* Debug */,
				847BFE141F6A1C8400735BB8 /* Release */,
			);
			defaultConfigurationIsVisible = 0;
			defaultConfigurationName = Release;
		};
		847BFE151F6A1C8400735BB8 /* Build configuration list for PBXNativeTarget "wx" */ = {
			isa = XCConfigurationList;
			buildConfigurations = (
				847BFE161F6A1C8400735BB8 /* Debug */,
				847BFE171F6A1C8400735BB8 /* Release */,
			);
			defaultConfigurationIsVisible = 0;
			defaultConfigurationName = Release;
		};
		847BFE181F6A1C8400735BB8 /* Build configuration list for PBXNativeTarget "wxDylib" */ = {
			isa = XCConfigurationList;
			buildConfigurations = (
				847BFE191F6A1C8400735BB8 /* Debug */,
				847BFE1A1F6A1C8400735BB8 /* Release */,
			);
			defaultConfigurationIsVisible = 0;
			defaultConfigurationName = Release;
		};
/* End XCConfigurationList section */
	};
	rootObject = 847BFDD01F6A1C8400735BB8 /* Project object */;
}
