PODS:
  - WechatFunnyAt (1.0.0)
  - WeChatSelectAll (1.2)

DEPENDENCIES:
  - WechatFunnyAt
  - WeChatSelectAll

SPEC CHECKSUMS:
  WechatFunnyAt: 3747681241c181dee40d627b5f3dc878e8e2b13d
  WeChatSelectAll: deb97583ed7a04d2db7c3005f4595a00eb496678

PODFILE CHECKSUM: e46b5b57597987e90b62b9e3f1a5915afbc6cffc

COCOAPODS: 1.3.1
